
Microsoft Visual Studio Solution File, Format Version 12.00
# Visual Studio Version 17
VisualStudioVersion = 17.5.002.0
MinimumVisualStudioVersion = 10.0.40219.1
Project("{9A19103F-16F7-4668-BE54-9A1E7A4F7556}") = "digit-twin-start", "digit-twin-start.csproj", "{B04BDF0D-BAF1-41F9-98F4-3FC3ED35F545}"
EndProject
Global
	GlobalSection(SolutionConfigurationPlatforms) = preSolution
		Debug|Any CPU = Debug|Any CPU
		Release|Any CPU = Release|Any CPU
	EndGlobalSection
	GlobalSection(ProjectConfigurationPlatforms) = postSolution
		{B04BDF0D-BAF1-41F9-98F4-3FC3ED35F545}.Debug|Any CPU.ActiveCfg = Debug|Any CPU
		{B04BDF0D-BAF1-41F9-98F4-3FC3ED35F545}.Debug|Any CPU.Build.0 = Debug|Any CPU
		{B04BDF0D-BAF1-41F9-98F4-3FC3ED35F545}.Release|Any CPU.ActiveCfg = Release|Any CPU
		{B04BDF0D-BAF1-41F9-98F4-3FC3ED35F545}.Release|Any CPU.Build.0 = Release|Any CPU
	EndGlobalSection
	GlobalSection(SolutionProperties) = preSolution
		HideSolutionNode = FALSE
	EndGlobalSection
	GlobalSection(ExtensibilityGlobals) = postSolution
		SolutionGuid = {1A7C2240-CDBB-4067-97F2-04A3F5CE0373}
	EndGlobalSection
EndGlobal
